uuid: 370d5c98-ff10-4ee8-8ce5-ce09244bec05
langcode: en
status: true
dependencies:
  config:
    - block_content.type.plain_html_block
  module:
    - content_translation
third_party_settings:
  content_translation:
    enabled: true
    bundle_settings:
      untranslatable_fields_hide: '0'
id: block_content.plain_html_block
target_entity_type_id: block_content
target_bundle: plain_html_block
default_langcode: current_interface
language_alterable: true
